
Microsoft Visual Studio Solution File, Format Version 12.00
# Visual Studio Version 16
VisualStudioVersion = 16.0.30804.86
MinimumVisualStudioVersion = 10.0.40219.1
Project("{9A19103F-16F7-4668-BE54-9A1E7A4F7556}") = "DIO.Bank", "DIO.Bank.csproj", "{21E881F8-E3F6-4066-BBE4-81BE0B0045D3}"
EndProject
Global
	GlobalSection(SolutionConfigurationPlatforms) = preSolution
		Debug|Any CPU = Debug|Any CPU
		Release|Any CPU = Release|Any CPU
	EndGlobalSection
	GlobalSection(ProjectConfigurationPlatforms) = postSolution
		{21E881F8-E3F6-4066-BBE4-81BE0B0045D3}.Debug|Any CPU.ActiveCfg = Debug|Any CPU
		{21E881F8-E3F6-4066-BBE4-81BE0B0045D3}.Debug|Any CPU.Build.0 = Debug|Any CPU
		{21E881F8-E3F6-4066-BBE4-81BE0B0045D3}.Release|Any CPU.ActiveCfg = Release|Any CPU
		{21E881F8-E3F6-4066-BBE4-81BE0B0045D3}.Release|Any CPU.Build.0 = Release|Any CPU
	EndGlobalSection
	GlobalSection(SolutionProperties) = preSolution
		HideSolutionNode = FALSE
	EndGlobalSection
	GlobalSection(ExtensibilityGlobals) = postSolution
		SolutionGuid = {2CA014A5-212E-4D5D-A908-ACF3AC462E24}
	EndGlobalSection
EndGlobal
